
Microsoft Visual Studio Solution File, Format Version 12.00
# Visual Studio 2013
VisualStudioVersion = 12.0.21005.1
MinimumVisualStudioVersion = 10.0.40219.1
Project("{FAE04EC0-301F-11D3-BF4B-00C04F79EFBC}") = "Trees", "Trees\Trees.csproj", "{F349A6C7-A076-4D79-900D-CFF2107476EF}"
EndProject
Project("{FAE04EC0-301F-11D3-BF4B-00C04F79EFBC}") = "Trees.Tests", "Trees.Tests\Trees.Tests.csproj", "{95567FD2-C4C9-4196-8714-E8F05F2DE05F}"
EndProject
Global
	GlobalSection(SolutionConfigurationPlatforms) = preSolution
		Debug|Any CPU = Debug|Any CPU
		Release|Any CPU = Release|Any CPU
	EndGlobalSection
	GlobalSection(ProjectConfigurationPlatforms) = postSolution
		{F349A6C7-A076-4D79-900D-CFF2107476EF}.Debug|Any CPU.ActiveCfg = Debug|Any CPU
		{F349A6C7-A076-4D79-900D-CFF2107476EF}.Debug|Any CPU.Build.0 = Debug|Any CPU
		{F349A6C7-A076-4D79-900D-CFF2107476EF}.Release|Any CPU.ActiveCfg = Release|Any CPU
		{F349A6C7-A076-4D79-900D-CFF2107476EF}.Release|Any CPU.Build.0 = Release|Any CPU
		{95567FD2-C4C9-4196-8714-E8F05F2DE05F}.Debug|Any CPU.ActiveCfg = Debug|Any CPU
		{95567FD2-C4C9-4196-8714-E8F05F2DE05F}.Debug|Any CPU.Build.0 = Debug|Any CPU
		{95567FD2-C4C9-4196-8714-E8F05F2DE05F}.Release|Any CPU.ActiveCfg = Release|Any CPU
		{95567FD2-C4C9-4196-8714-E8F05F2DE05F}.Release|Any CPU.Build.0 = Release|Any CPU
	EndGlobalSection
	GlobalSection(SolutionProperties) = preSolution
		HideSolutionNode = FALSE
	EndGlobalSection
EndGlobal
